<?xml version="1.0" encoding="utf-8"?>
<Project ToolsVersion="4.0" xmlns="http://schemas.microsoft.com/developer/msbuild/2003">
  <ItemGroup>
    <ClCompile Include="src\ofApp.cpp">
      <Filter>src</Filter>
    </ClCompile>
    <ClCompile Include="src\main.cpp">
      <Filter>src</Filter>
    </ClCompile>
    <ClCompile Include="src\main.cpp">
      <Filter>src</Filter>
    </ClCompile>
    <ClCompile Include="src\ofApp.cpp">
      <Filter>src</Filter>
    </ClCompile>
    <ClCompile Include="..\..\..\addons\ofxGui\src\ofxBaseGui.cpp">
      <Filter>addons\ofxGui\src</Filter>
    </ClCompile>
    <ClCompile Include="..\..\..\addons\ofxGui\src\ofxButton.cpp">
      <Filter>addons\ofxGui\src</Filter>
    </ClCompile>
    <ClCompile Include="..\..\..\addons\ofxGui\src\ofxGuiGroup.cpp">
      <Filter>addons\ofxGui\src</Filter>
    </ClCompile>
    <ClCompile Include="..\..\..\addons\ofxGui\src\ofxLabel.cpp">
      <Filter>addons\ofxGui\src</Filter>
    </ClCompile>
    <ClCompile Include="..\..\..\addons\ofxGui\src\ofxPanel.cpp">
      <Filter>addons\ofxGui\src</Filter>
    </ClCompile>
    <ClCompile Include="..\..\..\addons\ofxGui\src\ofxSlider.cpp">
      <Filter>addons\ofxGui\src</Filter>
    </ClCompile>
    <ClCompile Include="..\..\..\addons\ofxGui\src\ofxSliderGroup.cpp">
      <Filter>addons\ofxGui\src</Filter>
    </ClCompile>
    <ClCompile Include="..\..\..\addons\ofxGui\src\ofxToggle.cpp">
      <Filter>addons\ofxGui\src</Filter>
    </ClCompile>
    <ClCompile Include="..\..\..\addons\ofxKinectForWindows2\src\ofxKinectForWindows2\Data\Body.cpp">
      <Filter>addons\ofxKinectForWindows2\src\ofxKinectForWindows2\Data</Filter>
    </ClCompile>
    <ClCompile Include="..\..\..\addons\ofxKinectForWindows2\src\ofxKinectForWindows2\Data\Joint.cpp">
      <Filter>addons\ofxKinectForWindows2\src\ofxKinectForWindows2\Data</Filter>
    </ClCompile>
    <ClCompile Include="..\..\..\addons\ofxKinectForWindows2\src\ofxKinectForWindows2\Device.cpp">
      <Filter>addons\ofxKinectForWindows2\src\ofxKinectForWindows2</Filter>
    </ClCompile>
    <ClCompile Include="..\..\..\addons\ofxKinectForWindows2\src\ofxKinectForWindows2\Source\BaseImage.cpp">
      <Filter>addons\ofxKinectForWindows2\src\ofxKinectForWindows2\Source</Filter>
    </ClCompile>
    <ClCompile Include="..\..\..\addons\ofxKinectForWindows2\src\ofxKinectForWindows2\Source\Body.cpp">
      <Filter>addons\ofxKinectForWindows2\src\ofxKinectForWindows2\Source</Filter>
    </ClCompile>
    <ClCompile Include="..\..\..\addons\ofxKinectForWindows2\src\ofxKinectForWindows2\Source\BodyIndex.cpp">
      <Filter>addons\ofxKinectForWindows2\src\ofxKinectForWindows2\Source</Filter>
    </ClCompile>
    <ClCompile Include="..\..\..\addons\ofxKinectForWindows2\src\ofxKinectForWindows2\Source\Color.cpp">
      <Filter>addons\ofxKinectForWindows2\src\ofxKinectForWindows2\Source</Filter>
    </ClCompile>
    <ClCompile Include="..\..\..\addons\ofxKinectForWindows2\src\ofxKinectForWindows2\Source\Depth.cpp">
      <Filter>addons\ofxKinectForWindows2\src\ofxKinectForWindows2\Source</Filter>
    </ClCompile>
    <ClCompile Include="..\..\..\addons\ofxKinectForWindows2\src\ofxKinectForWindows2\Source\Infrared.cpp">
      <Filter>addons\ofxKinectForWindows2\src\ofxKinectForWindows2\Source</Filter>
    </ClCompile>
    <ClCompile Include="..\..\..\addons\ofxKinectForWindows2\src\ofxKinectForWindows2\Source\LongExposureInfraRed.cpp">
      <Filter>addons\ofxKinectForWindows2\src\ofxKinectForWindows2\Source</Filter>
    </ClCompile>
    <ClCompile Include="..\..\..\addons\ofxKinectForWindows2\src\ofxKinectForWindows2\Utils.cpp">
      <Filter>addons\ofxKinectForWindows2\src\ofxKinectForWindows2</Filter>
    </ClCompile>
    <ClCompile Include="..\..\..\addons\ofxOsc\src\ofxOscBundle.cpp">
      <Filter>addons\ofxOsc\src</Filter>
    </ClCompile>
    <ClCompile Include="..\..\..\addons\ofxOsc\src\ofxOscMessage.cpp">
      <Filter>addons\ofxOsc\src</Filter>
    </ClCompile>
    <ClCompile Include="..\..\..\addons\ofxOsc\src\ofxOscParameterSync.cpp">
      <Filter>addons\ofxOsc\src</Filter>
    </ClCompile>
    <ClCompile Include="..\..\..\addons\ofxOsc\src\ofxOscReceiver.cpp">
      <Filter>addons\ofxOsc\src</Filter>
    </ClCompile>
    <ClCompile Include="..\..\..\addons\ofxOsc\src\ofxOscSender.cpp">
      <Filter>addons\ofxOsc\src</Filter>
    </ClCompile>
    <ClCompile Include="..\..\..\addons\ofxOsc\libs\oscpack\src\ip\IpEndpointName.cpp">
      <Filter>addons\ofxOsc\libs\oscpack\src\ip</Filter>
    </ClCompile>
    <ClCompile Include="..\..\..\addons\ofxOsc\libs\oscpack\src\ip\win32\NetworkingUtils.cpp">
      <Filter>addons\ofxOsc\libs\oscpack\src\ip\win32</Filter>
    </ClCompile>
    <ClCompile Include="..\..\..\addons\ofxOsc\libs\oscpack\src\ip\win32\UdpSocket.cpp">
      <Filter>addons\ofxOsc\libs\oscpack\src\ip\win32</Filter>
    </ClCompile>
    <ClCompile Include="..\..\..\addons\ofxOsc\libs\oscpack\src\osc\OscOutboundPacketStream.cpp">
      <Filter>addons\ofxOsc\libs\oscpack\src\osc</Filter>
    </ClCompile>
    <ClCompile Include="..\..\..\addons\ofxOsc\libs\oscpack\src\osc\OscPrintReceivedElements.cpp">
      <Filter>addons\ofxOsc\libs\oscpack\src\osc</Filter>
    </ClCompile>
    <ClCompile Include="..\..\..\addons\ofxOsc\libs\oscpack\src\osc\OscReceivedElements.cpp">
      <Filter>addons\ofxOsc\libs\oscpack\src\osc</Filter>
    </ClCompile>
    <ClCompile Include="..\..\..\addons\ofxOsc\libs\oscpack\src\osc\OscTypes.cpp">
      <Filter>addons\ofxOsc\libs\oscpack\src\osc</Filter>
    </ClCompile>
    <ClCompile Include="..\..\..\addons\ofxSpout2\src\ofxSpout2.cpp">
      <Filter>addons\ofxSpout2\src</Filter>
    </ClCompile>
    <ClCompile Include="..\..\..\addons\ofxSpout2\libs\src\SpoutDirectX.cpp">
      <Filter>addons\ofxSpout2\libs\src</Filter>
    </ClCompile>
    <ClCompile Include="..\..\..\addons\ofxSpout2\libs\src\SpoutGLDXinterop.cpp">
      <Filter>addons\ofxSpout2\libs\src</Filter>
    </ClCompile>
    <ClCompile Include="..\..\..\addons\ofxSpout2\libs\src\SpoutGLextensions.cpp">
      <Filter>addons\ofxSpout2\libs\src</Filter>
    </ClCompile>
    <ClCompile Include="..\..\..\addons\ofxSpout2\libs\src\SpoutMemoryShare.cpp">
      <Filter>addons\ofxSpout2\libs\src</Filter>
    </ClCompile>
    <ClCompile Include="..\..\..\addons\ofxSpout2\libs\src\SpoutReceiver.cpp">
      <Filter>addons\ofxSpout2\libs\src</Filter>
    </ClCompile>
    <ClCompile Include="..\..\..\addons\ofxSpout2\libs\src\SpoutSDK.cpp">
      <Filter>addons\ofxSpout2\libs\src</Filter>
    </ClCompile>
    <ClCompile Include="..\..\..\addons\ofxSpout2\libs\src\SpoutSender.cpp">
      <Filter>addons\ofxSpout2\libs\src</Filter>
    </ClCompile>
    <ClCompile Include="..\..\..\addons\ofxSpout2\libs\src\SpoutSenderNames.cpp">
      <Filter>addons\ofxSpout2\libs\src</Filter>
    </ClCompile>
    <ClCompile Include="..\..\..\addons\ofxSpout2\libs\src\SpoutSharedMemory.cpp">
      <Filter>addons\ofxSpout2\libs\src</Filter>
    </ClCompile>
    <ClCompile Include="..\..\..\addons\ofxInputField\src\ofxInputField.cpp">
      <Filter>addons\ofxInputField\src</Filter>
    </ClCompile>
  </ItemGroup>
  <ItemGroup>
    <Filter Include="src">
      <UniqueIdentifier>{d8376475-7454-4a24-b08a-aac121d3ad6f}</UniqueIdentifier>
    </Filter>
    <Filter Include="addons">
      <UniqueIdentifier>{71834F65-F3A9-211E-73B8-DC85}</UniqueIdentifier>
    </Filter>
    <Filter Include="addons\ofxGui">
      <UniqueIdentifier>{4F2A59AF-5F4E-704B-D067-EC13}</UniqueIdentifier>
    </Filter>
    <Filter Include="addons\ofxGui\src">
      <UniqueIdentifier>{645E9533-4DCD-6179-1CDF-CB65}</UniqueIdentifier>
    </Filter>
    <Filter Include="addons\ofxKinectForWindows2">
      <UniqueIdentifier>{79EE9CEE-5877-E1B3-C373-D5C8}</UniqueIdentifier>
    </Filter>
    <Filter Include="addons\ofxKinectForWindows2\src">
      <UniqueIdentifier>{BBA641E3-A9C6-8646-2A06-7A9D}</UniqueIdentifier>
    </Filter>
    <Filter Include="addons\ofxKinectForWindows2\src\ofxKinectForWindows2">
      <UniqueIdentifier>{849A6419-451E-EB51-E82D-5D04}</UniqueIdentifier>
    </Filter>
    <Filter Include="addons\ofxKinectForWindows2\src\ofxKinectForWindows2\Data">
      <UniqueIdentifier>{D3FA8E7E-7250-B64E-BCC8-522E}</UniqueIdentifier>
    </Filter>
    <Filter Include="addons\ofxKinectForWindows2\src\ofxKinectForWindows2\Source">
      <UniqueIdentifier>{D8ABF3AE-C83C-4B28-80F0-8B6D}</UniqueIdentifier>
    </Filter>
    <Filter Include="addons\ofxOsc">
      <UniqueIdentifier>{D91DCA33-6E5D-4481-2AEC-9FBB}</UniqueIdentifier>
    </Filter>
    <Filter Include="addons\ofxOsc\src">
      <UniqueIdentifier>{B9DD339A-D93D-92A1-0A2F-4B41}</UniqueIdentifier>
    </Filter>
    <Filter Include="addons\ofxOsc\libs">
      <UniqueIdentifier>{99ECA1D9-873F-4622-8FC0-FC7B}</UniqueIdentifier>
    </Filter>
    <Filter Include="addons\ofxOsc\libs\oscpack">
      <UniqueIdentifier>{D3A98534-1602-4FEF-57A6-6593}</UniqueIdentifier>
    </Filter>
    <Filter Include="addons\ofxOsc\libs\oscpack\src">
      <UniqueIdentifier>{BFB5BB47-98C8-BBCB-3066-1046}</UniqueIdentifier>
    </Filter>
    <Filter Include="addons\ofxOsc\libs\oscpack\src\ip">
      <UniqueIdentifier>{5A029128-EB41-95C5-CBC0-CDED}</UniqueIdentifier>
    </Filter>
    <Filter Include="addons\ofxOsc\libs\oscpack\src\ip\win32">
      <UniqueIdentifier>{79DFDFE2-400B-8654-3675-01A3}</UniqueIdentifier>
    </Filter>
    <Filter Include="addons\ofxOsc\libs\oscpack\src\osc">
      <UniqueIdentifier>{EDACB89C-9768-9551-4D41-B590}</UniqueIdentifier>
    </Filter>
    <Filter Include="addons\ofxSpout2">
      <UniqueIdentifier>{DB49CB87-27C8-0C02-F602-86D7}</UniqueIdentifier>
    </Filter>
    <Filter Include="addons\ofxSpout2\src">
      <UniqueIdentifier>{917203BC-05C2-034C-1B38-B098}</UniqueIdentifier>
    </Filter>
    <Filter Include="addons\ofxSpout2\libs">
      <UniqueIdentifier>{68A64BA7-C89A-C657-EC7A-10D6}</UniqueIdentifier>
    </Filter>
    <Filter Include="addons\ofxSpout2\libs\include">
      <UniqueIdentifier>{76E15BF2-5348-07F8-F8E1-A911}</UniqueIdentifier>
    </Filter>
    <Filter Include="addons\ofxSpout2\libs\src">
      <UniqueIdentifier>{EED9D931-64B9-6EC6-5E54-A96C}</UniqueIdentifier>
    </Filter>
    <Filter Include="addons\ofxInputField">
      <UniqueIdentifier>{10b2353e-1319-475e-8e7b-0cef86b073cf}</UniqueIdentifier>
    </Filter>
    <Filter Include="addons\ofxInputField\src">
      <UniqueIdentifier>{1c1924a8-8780-454f-a501-ef8dee2e275e}</UniqueIdentifier>
    </Filter>
  </ItemGroup>
  <ItemGroup>
    <ClInclude Include="src\ofApp.h">
      <Filter>src</Filter>
    </ClInclude>
    <ClInclude Include="src\ofApp.h">
      <Filter>src</Filter>
    </ClInclude>
    <ClInclude Include="..\..\..\addons\ofxGui\src\ofxBaseGui.h">
      <Filter>addons\ofxGui\src</Filter>
    </ClInclude>
    <ClInclude Include="..\..\..\addons\ofxGui\src\ofxButton.h">
      <Filter>addons\ofxGui\src</Filter>
    </ClInclude>
    <ClInclude Include="..\..\..\addons\ofxGui\src\ofxGui.h">
      <Filter>addons\ofxGui\src</Filter>
    </ClInclude>
    <ClInclude Include="..\..\..\addons\ofxGui\src\ofxGuiGroup.h">
      <Filter>addons\ofxGui\src</Filter>
    </ClInclude>
    <ClInclude Include="..\..\..\addons\ofxGui\src\ofxLabel.h">
      <Filter>addons\ofxGui\src</Filter>
    </ClInclude>
    <ClInclude Include="..\..\..\addons\ofxGui\src\ofxPanel.h">
      <Filter>addons\ofxGui\src</Filter>
    </ClInclude>
    <ClInclude Include="..\..\..\addons\ofxGui\src\ofxSlider.h">
      <Filter>addons\ofxGui\src</Filter>
    </ClInclude>
    <ClInclude Include="..\..\..\addons\ofxGui\src\ofxSliderGroup.h">
      <Filter>addons\ofxGui\src</Filter>
    </ClInclude>
    <ClInclude Include="..\..\..\addons\ofxGui\src\ofxToggle.h">
      <Filter>addons\ofxGui\src</Filter>
    </ClInclude>
    <ClInclude Include="..\..\..\addons\ofxKinectForWindows2\src\ofxKinectForWindows2\Data\Body.h">
      <Filter>addons\ofxKinectForWindows2\src\ofxKinectForWindows2\Data</Filter>
    </ClInclude>
    <ClInclude Include="..\..\..\addons\ofxKinectForWindows2\src\ofxKinectForWindows2\Data\Joint.h">
      <Filter>addons\ofxKinectForWindows2\src\ofxKinectForWindows2\Data</Filter>
    </ClInclude>
    <ClInclude Include="..\..\..\addons\ofxKinectForWindows2\src\ofxKinectForWindows2\Device.h">
      <Filter>addons\ofxKinectForWindows2\src\ofxKinectForWindows2</Filter>
    </ClInclude>
    <ClInclude Include="..\..\..\addons\ofxKinectForWindows2\src\ofxKinectForWindows2\Source\Base.h">
      <Filter>addons\ofxKinectForWindows2\src\ofxKinectForWindows2\Source</Filter>
    </ClInclude>
    <ClInclude Include="..\..\..\addons\ofxKinectForWindows2\src\ofxKinectForWindows2\Source\BaseImage.h">
      <Filter>addons\ofxKinectForWindows2\src\ofxKinectForWindows2\Source</Filter>
    </ClInclude>
    <ClInclude Include="..\..\..\addons\ofxKinectForWindows2\src\ofxKinectForWindows2\Source\Body.h">
      <Filter>addons\ofxKinectForWindows2\src\ofxKinectForWindows2\Source</Filter>
    </ClInclude>
    <ClInclude Include="..\..\..\addons\ofxKinectForWindows2\src\ofxKinectForWindows2\Source\BodyIndex.h">
      <Filter>addons\ofxKinectForWindows2\src\ofxKinectForWindows2\Source</Filter>
    </ClInclude>
    <ClInclude Include="..\..\..\addons\ofxKinectForWindows2\src\ofxKinectForWindows2\Source\Color.h">
      <Filter>addons\ofxKinectForWindows2\src\ofxKinectForWindows2\Source</Filter>
    </ClInclude>
    <ClInclude Include="..\..\..\addons\ofxKinectForWindows2\src\ofxKinectForWindows2\Source\Depth.h">
      <Filter>addons\ofxKinectForWindows2\src\ofxKinectForWindows2\Source</Filter>
    </ClInclude>
    <ClInclude Include="..\..\..\addons\ofxKinectForWindows2\src\ofxKinectForWindows2\Source\Infrared.h">
      <Filter>addons\ofxKinectForWindows2\src\ofxKinectForWindows2\Source</Filter>
    </ClInclude>
    <ClInclude Include="..\..\..\addons\ofxKinectForWindows2\src\ofxKinectForWindows2\Source\LongExposureInfrared.h">
      <Filter>addons\ofxKinectForWindows2\src\ofxKinectForWindows2\Source</Filter>
    </ClInclude>
    <ClInclude Include="..\..\..\addons\ofxKinectForWindows2\src\ofxKinectForWindows2\Utils.h">
      <Filter>addons\ofxKinectForWindows2\src\ofxKinectForWindows2</Filter>
    </ClInclude>
    <ClInclude Include="..\..\..\addons\ofxKinectForWindows2\src\ofxKinectForWindows2.h">
      <Filter>addons\ofxKinectForWindows2\src</Filter>
    </ClInclude>
    <ClInclude Include="..\..\..\addons\ofxOsc\src\ofxOsc.h">
      <Filter>addons\ofxOsc\src</Filter>
    </ClInclude>
    <ClInclude Include="..\..\..\addons\ofxOsc\src\ofxOscArg.h">
      <Filter>addons\ofxOsc\src</Filter>
    </ClInclude>
    <ClInclude Include="..\..\..\addons\ofxOsc\src\ofxOscBundle.h">
      <Filter>addons\ofxOsc\src</Filter>
    </ClInclude>
    <ClInclude Include="..\..\..\addons\ofxOsc\src\ofxOscMessage.h">
      <Filter>addons\ofxOsc\src</Filter>
    </ClInclude>
    <ClInclude Include="..\..\..\addons\ofxOsc\src\ofxOscParameterSync.h">
      <Filter>addons\ofxOsc\src</Filter>
    </ClInclude>
    <ClInclude Include="..\..\..\addons\ofxOsc\src\ofxOscReceiver.h">
      <Filter>addons\ofxOsc\src</Filter>
    </ClInclude>
    <ClInclude Include="..\..\..\addons\ofxOsc\src\ofxOscSender.h">
      <Filter>addons\ofxOsc\src</Filter>
    </ClInclude>
    <ClInclude Include="..\..\..\addons\ofxOsc\libs\oscpack\src\ip\IpEndpointName.h">
      <Filter>addons\ofxOsc\libs\oscpack\src\ip</Filter>
    </ClInclude>
    <ClInclude Include="..\..\..\addons\ofxOsc\libs\oscpack\src\ip\NetworkingUtils.h">
      <Filter>addons\ofxOsc\libs\oscpack\src\ip</Filter>
    </ClInclude>
    <ClInclude Include="..\..\..\addons\ofxOsc\libs\oscpack\src\ip\PacketListener.h">
      <Filter>addons\ofxOsc\libs\oscpack\src\ip</Filter>
    </ClInclude>
    <ClInclude Include="..\..\..\addons\ofxOsc\libs\oscpack\src\ip\TimerListener.h">
      <Filter>addons\ofxOsc\libs\oscpack\src\ip</Filter>
    </ClInclude>
    <ClInclude Include="..\..\..\addons\ofxOsc\libs\oscpack\src\ip\UdpSocket.h">
      <Filter>addons\ofxOsc\libs\oscpack\src\ip</Filter>
    </ClInclude>
    <ClInclude Include="..\..\..\addons\ofxOsc\libs\oscpack\src\osc\MessageMappingOscPacketListener.h">
      <Filter>addons\ofxOsc\libs\oscpack\src\osc</Filter>
    </ClInclude>
    <ClInclude Include="..\..\..\addons\ofxOsc\libs\oscpack\src\osc\OscException.h">
      <Filter>addons\ofxOsc\libs\oscpack\src\osc</Filter>
    </ClInclude>
    <ClInclude Include="..\..\..\addons\ofxOsc\libs\oscpack\src\osc\OscHostEndianness.h">
      <Filter>addons\ofxOsc\libs\oscpack\src\osc</Filter>
    </ClInclude>
    <ClInclude Include="..\..\..\addons\ofxOsc\libs\oscpack\src\osc\OscOutboundPacketStream.h">
      <Filter>addons\ofxOsc\libs\oscpack\src\osc</Filter>
    </ClInclude>
    <ClInclude Include="..\..\..\addons\ofxOsc\libs\oscpack\src\osc\OscPacketListener.h">
      <Filter>addons\ofxOsc\libs\oscpack\src\osc</Filter>
    </ClInclude>
    <ClInclude Include="..\..\..\addons\ofxOsc\libs\oscpack\src\osc\OscPrintReceivedElements.h">
      <Filter>addons\ofxOsc\libs\oscpack\src\osc</Filter>
    </ClInclude>
    <ClInclude Include="..\..\..\addons\ofxOsc\libs\oscpack\src\osc\OscReceivedElements.h">
      <Filter>addons\ofxOsc\libs\oscpack\src\osc</Filter>
    </ClInclude>
    <ClInclude Include="..\..\..\addons\ofxOsc\libs\oscpack\src\osc\OscTypes.h">
      <Filter>addons\ofxOsc\libs\oscpack\src\osc</Filter>
    </ClInclude>
    <ClInclude Include="..\..\..\addons\ofxSpout2\src\ofxSpout2.h">
      <Filter>addons\ofxSpout2\src</Filter>
    </ClInclude>
    <ClInclude Include="..\..\..\addons\ofxSpout2\libs\include\Spout.h">
      <Filter>addons\ofxSpout2\libs\include</Filter>
    </ClInclude>
    <ClInclude Include="..\..\..\addons\ofxSpout2\libs\include\SpoutCommon.h">
      <Filter>addons\ofxSpout2\libs\include</Filter>
    </ClInclude>
    <ClInclude Include="..\..\..\addons\ofxSpout2\libs\include\SpoutDirectX.h">
      <Filter>addons\ofxSpout2\libs\include</Filter>
    </ClInclude>
    <ClInclude Include="..\..\..\addons\ofxSpout2\libs\include\SpoutGLDXinterop.h">
      <Filter>addons\ofxSpout2\libs\include</Filter>
    </ClInclude>
    <ClInclude Include="..\..\..\addons\ofxSpout2\libs\include\SpoutGLextensions.h">
      <Filter>addons\ofxSpout2\libs\include</Filter>
    </ClInclude>
    <ClInclude Include="..\..\..\addons\ofxSpout2\libs\include\SpoutMemoryShare.h">
      <Filter>addons\ofxSpout2\libs\include</Filter>
    </ClInclude>
    <ClInclude Include="..\..\..\addons\ofxSpout2\libs\include\SpoutReceiver.h">
      <Filter>addons\ofxSpout2\libs\include</Filter>
    </ClInclude>
    <ClInclude Include="..\..\..\addons\ofxSpout2\libs\include\SpoutSDK.h">
      <Filter>addons\ofxSpout2\libs\include</Filter>
    </ClInclude>
    <ClInclude Include="..\..\..\addons\ofxSpout2\libs\include\SpoutSender.h">
      <Filter>addons\ofxSpout2\libs\include</Filter>
    </ClInclude>
    <ClInclude Include="..\..\..\addons\ofxSpout2\libs\include\SpoutSenderNames.h">
      <Filter>addons\ofxSpout2\libs\include</Filter>
    </ClInclude>
    <ClInclude Include="..\..\..\addons\ofxSpout2\libs\include\SpoutSharedMemory.h">
      <Filter>addons\ofxSpout2\libs\include</Filter>
    </ClInclude>
    <ClInclude Include="..\..\..\addons\ofxInputField\src\ofxInputField.h">
      <Filter>addons\ofxInputField\src</Filter>
    </ClInclude>
  </ItemGroup>
  <ItemGroup>
    <ResourceCompile Include="icon.rc" />
  </ItemGroup>
</Project>